// !$*UTF8*$!
{
	archiveVersion = 1;
	classes = {
	};
	objectVersion = 56;
	objects = {

/* Begin PBXBuildFile section */
		A01696AD29375C2300CB0B32 /* AppDelegate.swift in Sources */ = {isa = PBXBuildFile; fileRef = A01696AC29375C2300CB0B32 /* AppDelegate.swift */; };
		A01696AF29375C2300CB0B32 /* SceneDelegate.swift in Sources */ = {isa = PBXBuildFile; fileRef = A01696AE29375C2300CB0B32 /* SceneDelegate.swift */; };
		A01696B129375C2300CB0B32 /* ViewController.swift in Sources */ = {isa = PBXBuildFile; fileRef = A01696B029375C2300CB0B32 /* ViewController.swift */; };
		A01696B429375C2300CB0B32 /* Main.storyboard in Resources */ = {isa = PBXBuildFile; fileRef = A01696B229375C2300CB0B32 /* Main.storyboard */; };
		A01696B629375C2400CB0B32 /* Assets.xcassets in Resources */ = {isa = PBXBuildFile; fileRef = A01696B529375C2400CB0B32 /* Assets.xcassets */; };
		A01696B929375C2400CB0B32 /* LaunchScreen.storyboard in Resources */ = {isa = PBXBuildFile; fileRef = A01696B729375C2400CB0B32 /* LaunchScreen.storyboard */; };
		A01696C12937623D00CB0B32 /* LineModel.swift in Sources */ = {isa = PBXBuildFile; fileRef = A01696C02937623D00CB0B32 /* LineModel.swift */; };
		A01696C32937632F00CB0B32 /* StateLinesMemento.swift in Sources */ = {isa = PBXBuildFile; fileRef = A01696C22937632F00CB0B32 /* StateLinesMemento.swift */; };
		A01696C5293763EA00CB0B32 /* LinesManager.swift in Sources */ = {isa = PBXBuildFile; fileRef = A01696C4293763EA00CB0B32 /* LinesManager.swift */; };
		A01696C729379ABA00CB0B32 /* CarrierState.swift in Sources */ = {isa = PBXBuildFile; fileRef = A01696C629379ABA00CB0B32 /* CarrierState.swift */; };
		A01696C92937A57400CB0B32 /* DrawView.swift in Sources */ = {isa = PBXBuildFile; fileRef = A01696C82937A57400CB0B32 /* DrawView.swift */; };
/* End PBXBuildFile section */

/* Begin PBXFileReference section */
		A01696A929375C2300CB0B32 /* Memento.app */ = {isa = PBXFileReference; explicitFileType = wrapper.application; includeInIndex = 0; path = Memento.app; sourceTree = BUILT_PRODUCTS_DIR; };
		A01696AC29375C2300CB0B32 /* AppDelegate.swift */ = {isa = PBXFileReference; lastKnownFileType = sourcecode.swift; path = AppDelegate.swift; sourceTree = "<group>"; };
		A01696AE29375C2300CB0B32 /* SceneDelegate.swift */ = {isa = PBXFileReference; lastKnownFileType = sourcecode.swift; path = SceneDelegate.swift; sourceTree = "<group>"; };
		A01696B029375C2300CB0B32 /* ViewController.swift */ = {isa = PBXFileReference; lastKnownFileType = sourcecode.swift; path = ViewController.swift; sourceTree = "<group>"; };
		A01696B329375C2300CB0B32 /* Base */ = {isa = PBXFileReference; lastKnownFileType = file.storyboard; name = Base; path = Base.lproj/Main.storyboard; sourceTree = "<group>"; };
		A01696B529375C2400CB0B32 /* Assets.xcassets */ = {isa = PBXFileReference; lastKnownFileType = folder.assetcatalog; path = Assets.xcassets; sourceTree = "<group>"; };
		A01696B829375C2400CB0B32 /* Base */ = {isa = PBXFileReference; lastKnownFileType = file.storyboard; name = Base; path = Base.lproj/LaunchScreen.storyboard; sourceTree = "<group>"; };
		A01696BA29375C2400CB0B32 /* Info.plist */ = {isa = PBXFileReference; lastKnownFileType = text.plist.xml; path = Info.plist; sourceTree = "<group>"; };
		A01696C02937623D00CB0B32 /* LineModel.swift */ = {isa = PBXFileReference; lastKnownFileType = sourcecode.swift; path = LineModel.swift; sourceTree = "<group>"; };
		A01696C22937632F00CB0B32 /* StateLinesMemento.swift */ = {isa = PBXFileReference; lastKnownFileType = sourcecode.swift; path = StateLinesMemento.swift; sourceTree = "<group>"; };
		A01696C4293763EA00CB0B32 /* LinesManager.swift */ = {isa = PBXFileReference; lastKnownFileType = sourcecode.swift; path = LinesManager.swift; sourceTree = "<group>"; };
		A01696C629379ABA00CB0B32 /* CarrierState.swift */ = {isa = PBXFileReference; lastKnownFileType = sourcecode.swift; path = CarrierState.swift; sourceTree = "<group>"; };
		A01696C82937A57400CB0B32 /* DrawView.swift */ = {isa = PBXFileReference; lastKnownFileType = sourcecode.swift; path = DrawView.swift; sourceTree = "<group>"; };
/* End PBXFileReference section */

/* Begin PBXFrameworksBuildPhase section */
		A01696A629375C2300CB0B32 /* Frameworks */ = {
			isa = PBXFrameworksBuildPhase;
			buildActionMask = 2147483647;
			files = (
			);
			runOnlyForDeploymentPostprocessing = 0;
		};
/* End PBXFrameworksBuildPhase section */

/* Begin PBXGroup section */
		A01696A029375C2300CB0B32 = {
			isa = PBXGroup;
			children = (
				A01696AB29375C2300CB0B32 /* Memento */,
				A01696AA29375C2300CB0B32 /* Products */,
			);
			sourceTree = "<group>";
		};
		A01696AA29375C2300CB0B32 /* Products */ = {
			isa = PBXGroup;
			children = (
				A01696A929375C2300CB0B32 /* Memento.app */,
			);
			name = Products;
			sourceTree = "<group>";
		};
		A01696AB29375C2300CB0B32 /* Memento */ = {
			isa = PBXGroup;
			children = (
				A01696AC29375C2300CB0B32 /* AppDelegate.swift */,
				A01696AE29375C2300CB0B32 /* SceneDelegate.swift */,
				A01696B029375C2300CB0B32 /* ViewController.swift */,
				A01696B229375C2300CB0B32 /* Main.storyboard */,
				A01696B529375C2400CB0B32 /* Assets.xcassets */,
				A01696B729375C2400CB0B32 /* LaunchScreen.storyboard */,
				A01696BA29375C2400CB0B32 /* Info.plist */,
				A01696C02937623D00CB0B32 /* LineModel.swift */,
				A01696C22937632F00CB0B32 /* StateLinesMemento.swift */,
				A01696C4293763EA00CB0B32 /* LinesManager.swift */,
				A01696C629379ABA00CB0B32 /* CarrierState.swift */,
				A01696C82937A57400CB0B32 /* DrawView.swift */,
			);
			path = Memento;
			sourceTree = "<group>";
		};
/* End PBXGroup section */

/* Begin PBXNativeTarget section */
		A01696A829375C2300CB0B32 /* Memento */ = {
			isa = PBXNativeTarget;
			buildConfigurationList = A01696BD29375C2400CB0B32 /* Build configuration list for PBXNativeTarget "Memento" */;
			buildPhases = (
				A01696A529375C2300CB0B32 /* Sources */,
				A01696A629375C2300CB0B32 /* Frameworks */,
				A01696A729375C2300CB0B32 /* Resources */,
			);
			buildRules = (
			);
			dependencies = (
			);
			name = Memento;
			productName = Memento;
			productReference = A01696A929375C2300CB0B32 /* Memento.app */;
			productType = "com.apple.product-type.application";
		};
/* End PBXNativeTarget section */

/* Begin PBXProject section */
		A01696A129375C2300CB0B32 /* Project object */ = {
			isa = PBXProject;
			attributes = {
				BuildIndependentTargetsInParallel = 1;
				LastSwiftUpdateCheck = 1410;
				LastUpgradeCheck = 1410;
				TargetAttributes = {
					A01696A829375C2300CB0B32 = {
						CreatedOnToolsVersion = 14.1;
					};
				};
			};
			buildConfigurationList = A01696A429375C2300CB0B32 /* Build configuration list for PBXProject "Memento" */;
			compatibilityVersion = "Xcode 14.0";
			developmentRegion = en;
			hasScannedForEncodings = 0;
			knownRegions = (
				en,
				Base,
			);
			mainGroup = A01696A029375C2300CB0B32;
			productRefGroup = A01696AA29375C2300CB0B32 /* Products */;
			projectDirPath = "";
			projectRoot = "";
			targets = (
				A01696A829375C2300CB0B32 /* Memento */,
			);
		};
/* End PBXProject section */

/* Begin PBXResourcesBuildPhase section */
		A01696A729375C2300CB0B32 /* Resources */ = {
			isa = PBXResourcesBuildPhase;
			buildActionMask = 2147483647;
			files = (
				A01696B929375C2400CB0B32 /* LaunchScreen.storyboard in Resources */,
				A01696B629375C2400CB0B32 /* Assets.xcassets in Resources */,
				A01696B429375C2300CB0B32 /* Main.storyboard in Resources */,
			);
			runOnlyForDeploymentPostprocessing = 0;
		};
/* End PBXResourcesBuildPhase section */

/* Begin PBXSourcesBuildPhase section */
		A01696A529375C2300CB0B32 /* Sources */ = {
			isa = PBXSourcesBuildPhase;
			buildActionMask = 2147483647;
			files = (
				A01696B129375C2300CB0B32 /* ViewController.swift in Sources */,
				A01696AD29375C2300CB0B32 /* AppDelegate.swift in Sources */,
				A01696C92937A57400CB0B32 /* DrawView.swift in Sources */,
				A01696AF29375C2300CB0B32 /* SceneDelegate.swift in Sources */,
				A01696C729379ABA00CB0B32 /* CarrierState.swift in Sources */,
				A01696C12937623D00CB0B32 /* LineModel.swift in Sources */,
				A01696C32937632F00CB0B32 /* StateLinesMemento.swift in Sources */,
				A01696C5293763EA00CB0B32 /* LinesManager.swift in Sources */,
			);
			runOnlyForDeploymentPostprocessing = 0;
		};
/* End PBXSourcesBuildPhase section */

/* Begin PBXVariantGroup section */
		A01696B229375C2300CB0B32 /* Main.storyboard */ = {
			isa = PBXVariantGroup;
			children = (
				A01696B329375C2300CB0B32 /* Base */,
			);
			name = Main.storyboard;
			sourceTree = "<group>";
		};
		A01696B729375C2400CB0B32 /* LaunchScreen.storyboard */ = {
			isa = PBXVariantGroup;
			children = (
				A01696B829375C2400CB0B32 /* Base */,
			);
			name = LaunchScreen.storyboard;
			sourceTree = "<group>";
		};
/* End PBXVariantGroup section */

/* Begin XCBuildConfiguration section */
		A01696BB29375C2400CB0B32 /* Debug */ = {
			isa = XCBuildConfiguration;
			buildSettings = {
				ALWAYS_SEARCH_USER_PATHS = NO;
				CLANG_ANALYZER_NONNULL = YES;
				CLANG_ANALYZER_NUMBER_OBJECT_CONVERSION = YES_AGGRESSIVE;
				CLANG_CXX_LANGUAGE_STANDARD = "gnu++20";
				CLANG_ENABLE_MODULES = YES;
				CLANG_ENABLE_OBJC_ARC = YES;
				CLANG_ENABLE_OBJC_WEAK = YES;
				CLANG_WARN_BLOCK_CAPTURE_AUTORELEASING = YES;
				CLANG_WARN_BOOL_CONVERSION = YES;
				CLANG_WARN_COMMA = YES;
				CLANG_WARN_CONSTANT_CONVERSION = YES;
				CLANG_WARN_DEPRECATED_OBJC_IMPLEMENTATIONS = YES;
				CLANG_WARN_DIRECT_OBJC_ISA_USAGE = YES_ERROR;
				CLANG_WARN_DOCUMENTATION_COMMENTS = YES;
				CLANG_WARN_EMPTY_BODY = YES;
				CLANG_WARN_ENUM_CONVERSION = YES;
				CLANG_WARN_INFINITE_RECURSION = YES;
				CLANG_WARN_INT_CONVERSION = YES;
				CLANG_WARN_NON_LITERAL_NULL_CONVERSION = YES;
				CLANG_WARN_OBJC_IMPLICIT_RETAIN_SELF = YES;
				CLANG_WARN_OBJC_LITERAL_CONVERSION = YES;
				CLANG_WARN_OBJC_ROOT_CLASS = YES_ERROR;
				CLANG_WARN_QUOTED_INCLUDE_IN_FRAMEWORK_HEADER = YES;
				CLANG_WARN_RANGE_LOOP_ANALYSIS = YES;
				CLANG_WARN_STRICT_PROTOTYPES = YES;
				CLANG_WARN_SUSPICIOUS_MOVE = YES;
				CLANG_WARN_UNGUARDED_AVAILABILITY = YES_AGGRESSIVE;
				CLANG_WARN_UNREACHABLE_CODE = YES;
				CLANG_WARN__DUPLICATE_METHOD_MATCH = YES;
				COPY_PHASE_STRIP = NO;
				DEBUG_INFORMATION_FORMAT = dwarf;
				ENABLE_STRICT_OBJC_MSGSEND = YES;
				ENABLE_TESTABILITY = YES;
				GCC_C_LANGUAGE_STANDARD = gnu11;
				GCC_DYNAMIC_NO_PIC = NO;
				GCC_NO_COMMON_BLOCKS = YES;
				GCC_OPTIMIZATION_LEVEL = 0;
				GCC_PREPROCESSOR_DEFINITIONS = (
					"DEBUG=1",
					"$(inherited)",
				);
				GCC_WARN_64_TO_32_BIT_CONVERSION = YES;
				GCC_WARN_ABOUT_RETURN_TYPE = YES_ERROR;
				GCC_WARN_UNDECLARED_SELECTOR = YES;
				GCC_WARN_UNINITIALIZED_AUTOS = YES_AGGRESSIVE;
				GCC_WARN_UNUSED_FUNCTION = YES;
				GCC_WARN_UNUSED_VARIABLE = YES;
				IPHONEOS_DEPLOYMENT_TARGET = 16.1;
				MTL_ENABLE_DEBUG_INFO = INCLUDE_SOURCE;
				MTL_FAST_MATH = YES;
				ONLY_ACTIVE_ARCH = YES;
				SDKROOT = iphoneos;
				SWIFT_ACTIVE_COMPILATION_CONDITIONS = DEBUG;
				SWIFT_OPTIMIZATION_LEVEL = "-Onone";
			};
			name = Debug;
		};
		A01696BC29375C2400CB0B32 /* Release */ = {
			isa = XCBuildConfiguration;
			buildSettings = {
				ALWAYS_SEARCH_USER_PATHS = NO;
				CLANG_ANALYZER_NONNULL = YES;
				CLANG_ANALYZER_NUMBER_OBJECT_CONVERSION = YES_AGGRESSIVE;
				CLANG_CXX_LANGUAGE_STANDARD = "gnu++20";
				CLANG_ENABLE_MODULES = YES;
				CLANG_ENABLE_OBJC_ARC = YES;
				CLANG_ENABLE_OBJC_WEAK = YES;
				CLANG_WARN_BLOCK_CAPTURE_AUTORELEASING = YES;
				CLANG_WARN_BOOL_CONVERSION = YES;
				CLANG_WARN_COMMA = YES;
				CLANG_WARN_CONSTANT_CONVERSION = YES;
				CLANG_WARN_DEPRECATED_OBJC_IMPLEMENTATIONS = YES;
				CLANG_WARN_DIRECT_OBJC_ISA_USAGE = YES_ERROR;
				CLANG_WARN_DOCUMENTATION_COMMENTS = YES;
				CLANG_WARN_EMPTY_BODY = YES;
				CLANG_WARN_ENUM_CONVERSION = YES;
				CLANG_WARN_INFINITE_RECURSION = YES;
				CLANG_WARN_INT_CONVERSION = YES;
				CLANG_WARN_NON_LITERAL_NULL_CONVERSION = YES;
				CLANG_WARN_OBJC_IMPLICIT_RETAIN_SELF = YES;
				CLANG_WARN_OBJC_LITERAL_CONVERSION = YES;
				CLANG_WARN_OBJC_ROOT_CLASS = YES_ERROR;
				CLANG_WARN_QUOTED_INCLUDE_IN_FRAMEWORK_HEADER = YES;
				CLANG_WARN_RANGE_LOOP_ANALYSIS = YES;
				CLANG_WARN_STRICT_PROTOTYPES = YES;
				CLANG_WARN_SUSPICIOUS_MOVE = YES;
				CLANG_WARN_UNGUARDED_AVAILABILITY = YES_AGGRESSIVE;
				CLANG_WARN_UNREACHABLE_CODE = YES;
				CLANG_WARN__DUPLICATE_METHOD_MATCH = YES;
				COPY_PHASE_STRIP = NO;
				DEBUG_INFORMATION_FORMAT = "dwarf-with-dsym";
				ENABLE_NS_ASSERTIONS = NO;
				ENABLE_STRICT_OBJC_MSGSEND = YES;
				GCC_C_LANGUAGE_STANDARD = gnu11;
				GCC_NO_COMMON_BLOCKS = YES;
				GCC_WARN_64_TO_32_BIT_CONVERSION = YES;
				GCC_WARN_ABOUT_RETURN_TYPE = YES_ERROR;
				GCC_WARN_UNDECLARED_SELECTOR = YES;
				GCC_WARN_UNINITIALIZED_AUTOS = YES_AGGRESSIVE;
				GCC_WARN_UNUSED_FUNCTION = YES;
				GCC_WARN_UNUSED_VARIABLE = YES;
				IPHONEOS_DEPLOYMENT_TARGET = 16.1;
				MTL_ENABLE_DEBUG_INFO = NO;
				MTL_FAST_MATH = YES;
				SDKROOT = iphoneos;
				SWIFT_COMPILATION_MODE = wholemodule;
				SWIFT_OPTIMIZATION_LEVEL = "-O";
				VALIDATE_PRODUCT = YES;
			};
			name = Release;
		};
		A01696BE29375C2400CB0B32 /* Debug */ = {
			isa = XCBuildConfiguration;
			buildSettings = {
				ASSETCATALOG_COMPILER_APPICON_NAME = AppIcon;
				ASSETCATALOG_COMPILER_GLOBAL_ACCENT_COLOR_NAME = AccentColor;
				CODE_SIGN_STYLE = Automatic;
				CURRENT_PROJECT_VERSION = 1;
				DEVELOPMENT_TEAM = QYGMJ959XP;
				GENERATE_INFOPLIST_FILE = YES;
				INFOPLIST_FILE = Memento/Info.plist;
				INFOPLIST_KEY_UIApplicationSupportsIndirectInputEvents = YES;
				INFOPLIST_KEY_UILaunchStoryboardName = LaunchScreen;
				INFOPLIST_KEY_UIMainStoryboardFile = Main;
				INFOPLIST_KEY_UISupportedInterfaceOrientations_iPad = "UIInterfaceOrientationPortrait UIInterfaceOrientationPortraitUpsideDown UIInterfaceOrientationLandscapeLeft UIInterfaceOrientationLandscapeRight";
				INFOPLIST_KEY_UISupportedInterfaceOrientations_iPhone = "UIInterfaceOrientationPortrait UIInterfaceOrientationLandscapeLeft UIInterfaceOrientationLandscapeRight";
				LD_RUNPATH_SEARCH_PATHS = (
					"$(inherited)",
					"@executable_path/Frameworks",
				);
				MARKETING_VERSION = 1.0;
				PRODUCT_BUNDLE_IDENTIFIER = sihtmark.Memento;
				PRODUCT_NAME = "$(TARGET_NAME)";
				SWIFT_EMIT_LOC_STRINGS = YES;
				SWIFT_VERSION = 5.0;
				TARGETED_DEVICE_FAMILY = "1,2";
			};
			name = Debug;
		};
		A01696BF29375C2400CB0B32 /* Release */ = {
			isa = XCBuildConfiguration;
			buildSettings = {
				ASSETCATALOG_COMPILER_APPICON_NAME = AppIcon;
				ASSETCATALOG_COMPILER_GLOBAL_ACCENT_COLOR_NAME = AccentColor;
				CODE_SIGN_STYLE = Automatic;
				CURRENT_PROJECT_VERSION = 1;
				DEVELOPMENT_TEAM = QYGMJ959XP;
				GENERATE_INFOPLIST_FILE = YES;
				INFOPLIST_FILE = Memento/Info.plist;
				INFOPLIST_KEY_UIApplicationSupportsIndirectInputEvents = YES;
				INFOPLIST_KEY_UILaunchStoryboardName = LaunchScreen;
				INFOPLIST_KEY_UIMainStoryboardFile = Main;
				INFOPLIST_KEY_UISupportedInterfaceOrientations_iPad = "UIInterfaceOrientationPortrait UIInterfaceOrientationPortraitUpsideDown UIInterfaceOrientationLandscapeLeft UIInterfaceOrientationLandscapeRight";
				INFOPLIST_KEY_UISupportedInterfaceOrientations_iPhone = "UIInterfaceOrientationPortrait UIInterfaceOrientationLandscapeLeft UIInterfaceOrientationLandscapeRight";
				LD_RUNPATH_SEARCH_PATHS = (
					"$(inherited)",
					"@executable_path/Frameworks",
				);
				MARKETING_VERSION = 1.0;
				PRODUCT_BUNDLE_IDENTIFIER = sihtmark.Memento;
				PRODUCT_NAME = "$(TARGET_NAME)";
				SWIFT_EMIT_LOC_STRINGS = YES;
				SWIFT_VERSION = 5.0;
				TARGETED_DEVICE_FAMILY = "1,2";
			};
			name = Release;
		};
/* End XCBuildConfiguration section */

/* Begin XCConfigurationList section */
		A01696A429375C2300CB0B32 /* Build configuration list for PBXProject "Memento" */ = {
			isa = XCConfigurationList;
			buildConfigurations = (
				A01696BB29375C2400CB0B32 /* Debug */,
				A01696BC29375C2400CB0B32 /* Release */,
			);
			defaultConfigurationIsVisible = 0;
			defaultConfigurationName = Release;
		};
		A01696BD29375C2400CB0B32 /* Build configuration list for PBXNativeTarget "Memento" */ = {
			isa = XCConfigurationList;
			buildConfigurations = (
				A01696BE29375C2400CB0B32 /* Debug */,
				A01696BF29375C2400CB0B32 /* Release */,
			);
			defaultConfigurationIsVisible = 0;
			defaultConfigurationName = Release;
		};
/* End XCConfigurationList section */
	};
	rootObject = A01696A129375C2300CB0B32 /* Project object */;
}
